// !$*UTF8*$!
{
	archiveVersion = 1;
	classes = {
	};
	objectVersion = 56;
	objects = {

/* Begin PBXBuildFile section */
		2C08D2432C143F31004DAEA4 /* CustomTextField.swift in Sources */ = {isa = PBXBuildFile; fileRef = 2C08D2422C143F31004DAEA4 /* CustomTextField.swift */; };
		2C2114672C075CC10013EBD9 /* StardustApp.swift in Sources */ = {isa = PBXBuildFile; fileRef = 2C2114662C075CC10013EBD9 /* StardustApp.swift */; };
		2C2114692C075CC10013EBD9 /* HomeView.swift in Sources */ = {isa = PBXBuildFile; fileRef = 2C2114682C075CC10013EBD9 /* HomeView.swift */; };
		2C21146D2C075CC20013EBD9 /* Assets.xcassets in Resources */ = {isa = PBXBuildFile; fileRef = 2C21146C2C075CC20013EBD9 /* Assets.xcassets */; };
		2C2114712C075CC20013EBD9 /* Preview Assets.xcassets in Resources */ = {isa = PBXBuildFile; fileRef = 2C2114702C075CC20013EBD9 /* Preview Assets.xcassets */; };
		2C2114942C0776E30013EBD9 /* CreateGoal.swift in Sources */ = {isa = PBXBuildFile; fileRef = 2C2114932C0776E30013EBD9 /* CreateGoal.swift */; };
		2C229FEA2C0B8EC100186D66 /* TimerView.swift in Sources */ = {isa = PBXBuildFile; fileRef = 2C229FE92C0B8EC100186D66 /* TimerView.swift */; };
		2C3E98B62C1328980071C3F7 /* TimeManager.swift in Sources */ = {isa = PBXBuildFile; fileRef = 2C3E98B52C1328980071C3F7 /* TimeManager.swift */; };
		2C46822A2C15B017001AAD64 /* DetailGoalItem.swift in Sources */ = {isa = PBXBuildFile; fileRef = 2C4682292C15B017001AAD64 /* DetailGoalItem.swift */; };
		2C46822C2C15C66F001AAD64 /* CustomButton.swift in Sources */ = {isa = PBXBuildFile; fileRef = 2C46822B2C15C66F001AAD64 /* CustomButton.swift */; };
		2C49D1252C16B6CB0050213D /* ToDoItems.swift in Sources */ = {isa = PBXBuildFile; fileRef = 2C49D1242C16B6CB0050213D /* ToDoItems.swift */; };
		2C5522CC2C09A22000EBBA3C /* Color.swift in Sources */ = {isa = PBXBuildFile; fileRef = 2C5522CB2C09A22000EBBA3C /* Color.swift */; };
		2C5522CE2C09B8C900EBBA3C /* GoalResultView.swift in Sources */ = {isa = PBXBuildFile; fileRef = 2C5522CD2C09B8C900EBBA3C /* GoalResultView.swift */; };
		2C7013CB2C0C482C00ACBFA0 /* ToDoListView.swift in Sources */ = {isa = PBXBuildFile; fileRef = 2C7013CA2C0C482C00ACBFA0 /* ToDoListView.swift */; };
		2C8800B42C0E077300972764 /* ToDoItem.swift in Sources */ = {isa = PBXBuildFile; fileRef = 2C8800B32C0E077300972764 /* ToDoItem.swift */; };
		2C9E4CAA2C147EAD00E2FD6C /* proverb.json in Resources */ = {isa = PBXBuildFile; fileRef = 2C9E4CA92C147EAD00E2FD6C /* proverb.json */; };
		2C9E4CAC2C147F8A00E2FD6C /* ProverbModel.swift in Sources */ = {isa = PBXBuildFile; fileRef = 2C9E4CAB2C147F8A00E2FD6C /* ProverbModel.swift */; };
		2C9E4CAE2C14817900E2FD6C /* ProverbViewModel.swift in Sources */ = {isa = PBXBuildFile; fileRef = 2C9E4CAD2C14817900E2FD6C /* ProverbViewModel.swift */; };
		2CA189982C087DBE00FACAB6 /* FontStyle.swift in Sources */ = {isa = PBXBuildFile; fileRef = 2CA189972C087DBE00FACAB6 /* FontStyle.swift */; };
		2CA189AE2C08917100FACAB6 /* Pretendard-Bold.otf in Resources */ = {isa = PBXBuildFile; fileRef = 2CA189A92C08917100FACAB6 /* Pretendard-Bold.otf */; };
		2CA189B12C08917100FACAB6 /* Pretendard-Medium.otf in Resources */ = {isa = PBXBuildFile; fileRef = 2CA189AA2C08917100FACAB6 /* Pretendard-Medium.otf */; };
		2CA189B42C08917100FACAB6 /* Pretendard-Regular.otf in Resources */ = {isa = PBXBuildFile; fileRef = 2CA189AB2C08917100FACAB6 /* Pretendard-Regular.otf */; };
		2CA189B72C08917100FACAB6 /* Pretendard-SemiBold.otf in Resources */ = {isa = PBXBuildFile; fileRef = 2CA189AC2C08917100FACAB6 /* Pretendard-SemiBold.otf */; };
		2CA189BB2C08DF4D00FACAB6 /* GoalDetailView.swift in Sources */ = {isa = PBXBuildFile; fileRef = 2CA189BA2C08DF4D00FACAB6 /* GoalDetailView.swift */; };
		2CA189BF2C08E4B000FACAB6 /* ProverbView.swift in Sources */ = {isa = PBXBuildFile; fileRef = 2CA189BE2C08E4B000FACAB6 /* ProverbView.swift */; };
		2CC6EA812C108897003445C3 /* CheckToDoView.swift in Sources */ = {isa = PBXBuildFile; fileRef = 2CC6EA802C108897003445C3 /* CheckToDoView.swift */; };
		2CF3F5352C0F55750026ACA3 /* GoalPlan.swift in Sources */ = {isa = PBXBuildFile; fileRef = 2CF3F5342C0F55750026ACA3 /* GoalPlan.swift */; };
		2CF3F5372C0F55DC0026ACA3 /* PlanViewModel.swift in Sources */ = {isa = PBXBuildFile; fileRef = 2CF3F5362C0F55DC0026ACA3 /* PlanViewModel.swift */; };
		2CF3F53A2C0F569F0026ACA3 /* Alamofire in Frameworks */ = {isa = PBXBuildFile; productRef = 2CF3F5392C0F569F0026ACA3 /* Alamofire */; };
/* End PBXBuildFile section */

/* Begin PBXFileReference section */
		2C08D2422C143F31004DAEA4 /* CustomTextField.swift */ = {isa = PBXFileReference; lastKnownFileType = sourcecode.swift; path = CustomTextField.swift; sourceTree = "<group>"; };
		2C2114632C075CC10013EBD9 /* Stardust.app */ = {isa = PBXFileReference; explicitFileType = wrapper.application; includeInIndex = 0; path = Stardust.app; sourceTree = BUILT_PRODUCTS_DIR; };
		2C2114662C075CC10013EBD9 /* StardustApp.swift */ = {isa = PBXFileReference; lastKnownFileType = sourcecode.swift; path = StardustApp.swift; sourceTree = "<group>"; };
		2C2114682C075CC10013EBD9 /* HomeView.swift */ = {isa = PBXFileReference; lastKnownFileType = sourcecode.swift; path = HomeView.swift; sourceTree = "<group>"; };
		2C21146C2C075CC20013EBD9 /* Assets.xcassets */ = {isa = PBXFileReference; lastKnownFileType = folder.assetcatalog; path = Assets.xcassets; sourceTree = "<group>"; };
		2C21146E2C075CC20013EBD9 /* Stardust.entitlements */ = {isa = PBXFileReference; lastKnownFileType = text.plist.entitlements; path = Stardust.entitlements; sourceTree = "<group>"; };
		2C2114702C075CC20013EBD9 /* Preview Assets.xcassets */ = {isa = PBXFileReference; lastKnownFileType = folder.assetcatalog; path = "Preview Assets.xcassets"; sourceTree = "<group>"; };
		2C2114932C0776E30013EBD9 /* CreateGoal.swift */ = {isa = PBXFileReference; lastKnownFileType = sourcecode.swift; path = CreateGoal.swift; sourceTree = "<group>"; };
		2C229FE92C0B8EC100186D66 /* TimerView.swift */ = {isa = PBXFileReference; lastKnownFileType = sourcecode.swift; path = TimerView.swift; sourceTree = "<group>"; };
		2C3E98B52C1328980071C3F7 /* TimeManager.swift */ = {isa = PBXFileReference; lastKnownFileType = sourcecode.swift; path = TimeManager.swift; sourceTree = "<group>"; };
		2C4682292C15B017001AAD64 /* DetailGoalItem.swift */ = {isa = PBXFileReference; lastKnownFileType = sourcecode.swift; path = DetailGoalItem.swift; sourceTree = "<group>"; };
		2C46822B2C15C66F001AAD64 /* CustomButton.swift */ = {isa = PBXFileReference; lastKnownFileType = sourcecode.swift; path = CustomButton.swift; sourceTree = "<group>"; };
		2C49D1242C16B6CB0050213D /* ToDoItems.swift */ = {isa = PBXFileReference; lastKnownFileType = sourcecode.swift; path = ToDoItems.swift; sourceTree = "<group>"; };
		2C5522CB2C09A22000EBBA3C /* Color.swift */ = {isa = PBXFileReference; lastKnownFileType = sourcecode.swift; path = Color.swift; sourceTree = "<group>"; };
		2C5522CD2C09B8C900EBBA3C /* GoalResultView.swift */ = {isa = PBXFileReference; lastKnownFileType = sourcecode.swift; path = GoalResultView.swift; sourceTree = "<group>"; };
		2C7013CA2C0C482C00ACBFA0 /* ToDoListView.swift */ = {isa = PBXFileReference; lastKnownFileType = sourcecode.swift; path = ToDoListView.swift; sourceTree = "<group>"; };
		2C8800B32C0E077300972764 /* ToDoItem.swift */ = {isa = PBXFileReference; lastKnownFileType = sourcecode.swift; path = ToDoItem.swift; sourceTree = "<group>"; };
		2C9E4CA92C147EAD00E2FD6C /* proverb.json */ = {isa = PBXFileReference; lastKnownFileType = text.json; path = proverb.json; sourceTree = "<group>"; };
		2C9E4CAB2C147F8A00E2FD6C /* ProverbModel.swift */ = {isa = PBXFileReference; lastKnownFileType = sourcecode.swift; path = ProverbModel.swift; sourceTree = "<group>"; };
		2C9E4CAD2C14817900E2FD6C /* ProverbViewModel.swift */ = {isa = PBXFileReference; lastKnownFileType = sourcecode.swift; path = ProverbViewModel.swift; sourceTree = "<group>"; };
		2CA189972C087DBE00FACAB6 /* FontStyle.swift */ = {isa = PBXFileReference; lastKnownFileType = sourcecode.swift; path = FontStyle.swift; sourceTree = "<group>"; };
		2CA189A42C087FEF00FACAB6 /* Info.plist */ = {isa = PBXFileReference; lastKnownFileType = text.plist.xml; path = Info.plist; sourceTree = "<group>"; };
		2CA189A92C08917100FACAB6 /* Pretendard-Bold.otf */ = {isa = PBXFileReference; lastKnownFileType = file; path = "Pretendard-Bold.otf"; sourceTree = "<group>"; };
		2CA189AA2C08917100FACAB6 /* Pretendard-Medium.otf */ = {isa = PBXFileReference; lastKnownFileType = file; path = "Pretendard-Medium.otf"; sourceTree = "<group>"; };
		2CA189AB2C08917100FACAB6 /* Pretendard-Regular.otf */ = {isa = PBXFileReference; lastKnownFileType = file; path = "Pretendard-Regular.otf"; sourceTree = "<group>"; };
		2CA189AC2C08917100FACAB6 /* Pretendard-SemiBold.otf */ = {isa = PBXFileReference; lastKnownFileType = file; path = "Pretendard-SemiBold.otf"; sourceTree = "<group>"; };
		2CA189BA2C08DF4D00FACAB6 /* GoalDetailView.swift */ = {isa = PBXFileReference; lastKnownFileType = sourcecode.swift; path = GoalDetailView.swift; sourceTree = "<group>"; };
		2CA189BE2C08E4B000FACAB6 /* ProverbView.swift */ = {isa = PBXFileReference; lastKnownFileType = sourcecode.swift; path = ProverbView.swift; sourceTree = "<group>"; };
		2CC6EA802C108897003445C3 /* CheckToDoView.swift */ = {isa = PBXFileReference; lastKnownFileType = sourcecode.swift; path = CheckToDoView.swift; sourceTree = "<group>"; };
		2CF3F5342C0F55750026ACA3 /* GoalPlan.swift */ = {isa = PBXFileReference; lastKnownFileType = sourcecode.swift; path = GoalPlan.swift; sourceTree = "<group>"; };
		2CF3F5362C0F55DC0026ACA3 /* PlanViewModel.swift */ = {isa = PBXFileReference; lastKnownFileType = sourcecode.swift; path = PlanViewModel.swift; sourceTree = "<group>"; };
/* End PBXFileReference section */

/* Begin PBXFrameworksBuildPhase section */
		2C2114602C075CC10013EBD9 /* Frameworks */ = {
			isa = PBXFrameworksBuildPhase;
			buildActionMask = 2147483647;
			files = (
				2CF3F53A2C0F569F0026ACA3 /* Alamofire in Frameworks */,
			);
			runOnlyForDeploymentPostprocessing = 0;
		};
/* End PBXFrameworksBuildPhase section */

/* Begin PBXGroup section */
		2C21145A2C075CC10013EBD9 = {
			isa = PBXGroup;
			children = (
				2C2114652C075CC10013EBD9 /* Stardust */,
				2C2114642C075CC10013EBD9 /* Products */,
			);
			sourceTree = "<group>";
		};
		2C2114642C075CC10013EBD9 /* Products */ = {
			isa = PBXGroup;
			children = (
				2C2114632C075CC10013EBD9 /* Stardust.app */,
			);
			name = Products;
			sourceTree = "<group>";
		};
		2C2114652C075CC10013EBD9 /* Stardust */ = {
			isa = PBXGroup;
			children = (
				2C2114662C075CC10013EBD9 /* StardustApp.swift */,
				2C3E98B52C1328980071C3F7 /* TimeManager.swift */,
				2C21146E2C075CC20013EBD9 /* Stardust.entitlements */,
				2CA189A42C087FEF00FACAB6 /* Info.plist */,
				2CF239B82C14340700224094 /* ViewModel */,
				2C9E4CAF2C14894800E2FD6C /* Resources */,
				2CF239B72C1433DD00224094 /* Util */,
				2CF239B62C1433B900224094 /* Model */,
				2CF239B52C14337F00224094 /* View */,
				2C21146F2C075CC20013EBD9 /* Preview Content */,
			);
			path = Stardust;
			sourceTree = "<group>";
		};
		2C21146F2C075CC20013EBD9 /* Preview Content */ = {
			isa = PBXGroup;
			children = (
				2C2114702C075CC20013EBD9 /* Preview Assets.xcassets */,
			);
			path = "Preview Content";
			sourceTree = "<group>";
		};
		2C4682252C159FCC001AAD64 /* ToDo */ = {
			isa = PBXGroup;
			children = (
				2CC6EA802C108897003445C3 /* CheckToDoView.swift */,
				2C7013CA2C0C482C00ACBFA0 /* ToDoListView.swift */,
				2C8800B32C0E077300972764 /* ToDoItem.swift */,
				2C49D1242C16B6CB0050213D /* ToDoItems.swift */,
			);
			path = ToDo;
			sourceTree = "<group>";
		};
		2C4682262C159FE0001AAD64 /* CreateGoal */ = {
			isa = PBXGroup;
			children = (
				2C2114932C0776E30013EBD9 /* CreateGoal.swift */,
				2CA189BA2C08DF4D00FACAB6 /* GoalDetailView.swift */,
				2C4682292C15B017001AAD64 /* DetailGoalItem.swift */,
				2C5522CD2C09B8C900EBBA3C /* GoalResultView.swift */,
			);
			path = CreateGoal;
			sourceTree = "<group>";
		};
		2C4682272C15A017001AAD64 /* Custom */ = {
			isa = PBXGroup;
			children = (
				2C08D2422C143F31004DAEA4 /* CustomTextField.swift */,
				2C46822B2C15C66F001AAD64 /* CustomButton.swift */,
			);
			path = Custom;
			sourceTree = "<group>";
		};
		2C4682282C15A323001AAD64 /* Proverb */ = {
			isa = PBXGroup;
			children = (
				2CA189BE2C08E4B000FACAB6 /* ProverbView.swift */,
			);
			path = Proverb;
			sourceTree = "<group>";
		};
		2C9E4CAF2C14894800E2FD6C /* Resources */ = {
			isa = PBXGroup;
			children = (
				2C9E4CA92C147EAD00E2FD6C /* proverb.json */,
			);
			path = Resources;
			sourceTree = "<group>";
		};
		2CA189AD2C08917100FACAB6 /* Fonts */ = {
			isa = PBXGroup;
			children = (
				2CA189A92C08917100FACAB6 /* Pretendard-Bold.otf */,
				2CA189AA2C08917100FACAB6 /* Pretendard-Medium.otf */,
				2CA189AB2C08917100FACAB6 /* Pretendard-Regular.otf */,
				2CA189AC2C08917100FACAB6 /* Pretendard-SemiBold.otf */,
			);
			path = Fonts;
			sourceTree = "<group>";
		};
		2CF239B52C14337F00224094 /* View */ = {
			isa = PBXGroup;
			children = (
				2C2114682C075CC10013EBD9 /* HomeView.swift */,
				2C229FE92C0B8EC100186D66 /* TimerView.swift */,
				2C4682272C15A017001AAD64 /* Custom */,
				2C4682262C159FE0001AAD64 /* CreateGoal */,
				2C4682252C159FCC001AAD64 /* ToDo */,
				2C4682282C15A323001AAD64 /* Proverb */,
			);
			path = View;
			sourceTree = "<group>";
		};
		2CF239B62C1433B900224094 /* Model */ = {
			isa = PBXGroup;
			children = (
				2CF3F5342C0F55750026ACA3 /* GoalPlan.swift */,
				2C9E4CAB2C147F8A00E2FD6C /* ProverbModel.swift */,
			);
			path = Model;
			sourceTree = "<group>";
		};
		2CF239B72C1433DD00224094 /* Util */ = {
			isa = PBXGroup;
			children = (
				2CA189AD2C08917100FACAB6 /* Fonts */,
				2C21146C2C075CC20013EBD9 /* Assets.xcassets */,
				2C5522CB2C09A22000EBBA3C /* Color.swift */,
				2CA189972C087DBE00FACAB6 /* FontStyle.swift */,
			);
			path = Util;
			sourceTree = "<group>";
		};
		2CF239B82C14340700224094 /* ViewModel */ = {
			isa = PBXGroup;
			children = (
				2C9E4CAD2C14817900E2FD6C /* ProverbViewModel.swift */,
				2CF3F5362C0F55DC0026ACA3 /* PlanViewModel.swift */,
			);
			path = ViewModel;
			sourceTree = "<group>";
		};
/* End PBXGroup section */

/* Begin PBXNativeTarget section */
		2C2114622C075CC10013EBD9 /* Stardust */ = {
			isa = PBXNativeTarget;
			buildConfigurationList = 2C21148A2C075CC20013EBD9 /* Build configuration list for PBXNativeTarget "Stardust" */;
			buildPhases = (
				2C21145F2C075CC10013EBD9 /* Sources */,
				2C2114602C075CC10013EBD9 /* Frameworks */,
				2C2114612C075CC10013EBD9 /* Resources */,
			);
			buildRules = (
			);
			dependencies = (
			);
			name = Stardust;
			packageProductDependencies = (
				2CF3F5392C0F569F0026ACA3 /* Alamofire */,
			);
			productName = Stardust;
			productReference = 2C2114632C075CC10013EBD9 /* Stardust.app */;
			productType = "com.apple.product-type.application";
		};
/* End PBXNativeTarget section */

/* Begin PBXProject section */
		2C21145B2C075CC10013EBD9 /* Project object */ = {
			isa = PBXProject;
			attributes = {
				BuildIndependentTargetsInParallel = 1;
				LastSwiftUpdateCheck = 1540;
				LastUpgradeCheck = 1540;
				TargetAttributes = {
					2C2114622C075CC10013EBD9 = {
						CreatedOnToolsVersion = 15.4;
					};
				};
			};
			buildConfigurationList = 2C21145E2C075CC10013EBD9 /* Build configuration list for PBXProject "Stardust" */;
			compatibilityVersion = "Xcode 14.0";
			developmentRegion = en;
			hasScannedForEncodings = 0;
			knownRegions = (
				en,
				Base,
			);
			mainGroup = 2C21145A2C075CC10013EBD9;
			packageReferences = (
				2CF3F5382C0F569F0026ACA3 /* XCRemoteSwiftPackageReference "Alamofire" */,
			);
			productRefGroup = 2C2114642C075CC10013EBD9 /* Products */;
			projectDirPath = "";
			projectRoot = "";
			targets = (
				2C2114622C075CC10013EBD9 /* Stardust */,
			);
		};
/* End PBXProject section */

/* Begin PBXResourcesBuildPhase section */
		2C2114612C075CC10013EBD9 /* Resources */ = {
			isa = PBXResourcesBuildPhase;
			buildActionMask = 2147483647;
			files = (
				2C2114712C075CC20013EBD9 /* Preview Assets.xcassets in Resources */,
				2CA189AE2C08917100FACAB6 /* Pretendard-Bold.otf in Resources */,
				2C9E4CAA2C147EAD00E2FD6C /* proverb.json in Resources */,
				2CA189B42C08917100FACAB6 /* Pretendard-Regular.otf in Resources */,
				2CA189B72C08917100FACAB6 /* Pretendard-SemiBold.otf in Resources */,
				2C21146D2C075CC20013EBD9 /* Assets.xcassets in Resources */,
				2CA189B12C08917100FACAB6 /* Pretendard-Medium.otf in Resources */,
			);
			runOnlyForDeploymentPostprocessing = 0;
		};
/* End PBXResourcesBuildPhase section */

/* Begin PBXSourcesBuildPhase section */
		2C21145F2C075CC10013EBD9 /* Sources */ = {
			isa = PBXSourcesBuildPhase;
			buildActionMask = 2147483647;
			files = (
				2C5522CE2C09B8C900EBBA3C /* GoalResultView.swift in Sources */,
				2C46822A2C15B017001AAD64 /* DetailGoalItem.swift in Sources */,
				2CA189BB2C08DF4D00FACAB6 /* GoalDetailView.swift in Sources */,
				2C2114692C075CC10013EBD9 /* HomeView.swift in Sources */,
				2C46822C2C15C66F001AAD64 /* CustomButton.swift in Sources */,
				2CA189BF2C08E4B000FACAB6 /* ProverbView.swift in Sources */,
				2C08D2432C143F31004DAEA4 /* CustomTextField.swift in Sources */,
				2C2114942C0776E30013EBD9 /* CreateGoal.swift in Sources */,
				2C49D1252C16B6CB0050213D /* ToDoItems.swift in Sources */,
				2C7013CB2C0C482C00ACBFA0 /* ToDoListView.swift in Sources */,
				2C229FEA2C0B8EC100186D66 /* TimerView.swift in Sources */,
				2C2114672C075CC10013EBD9 /* StardustApp.swift in Sources */,
				2C8800B42C0E077300972764 /* ToDoItem.swift in Sources */,
				2CF3F5352C0F55750026ACA3 /* GoalPlan.swift in Sources */,
				2CA189982C087DBE00FACAB6 /* FontStyle.swift in Sources */,
				2C9E4CAC2C147F8A00E2FD6C /* ProverbModel.swift in Sources */,
				2C9E4CAE2C14817900E2FD6C /* ProverbViewModel.swift in Sources */,
				2CC6EA812C108897003445C3 /* CheckToDoView.swift in Sources */,
				2C5522CC2C09A22000EBBA3C /* Color.swift in Sources */,
				2CF3F5372C0F55DC0026ACA3 /* PlanViewModel.swift in Sources */,
				2C3E98B62C1328980071C3F7 /* TimeManager.swift in Sources */,
			);
			runOnlyForDeploymentPostprocessing = 0;
		};
/* End PBXSourcesBuildPhase section */

/* Begin XCBuildConfiguration section */
		2C2114882C075CC20013EBD9 /* Debug */ = {
			isa = XCBuildConfiguration;
			buildSettings = {
				ALWAYS_SEARCH_USER_PATHS = NO;
				ASSETCATALOG_COMPILER_GENERATE_SWIFT_ASSET_SYMBOL_EXTENSIONS = YES;
				CLANG_ANALYZER_NONNULL = YES;
				CLANG_ANALYZER_NUMBER_OBJECT_CONVERSION = YES_AGGRESSIVE;
				CLANG_CXX_LANGUAGE_STANDARD = "gnu++20";
				CLANG_ENABLE_MODULES = YES;
				CLANG_ENABLE_OBJC_ARC = YES;
				CLANG_ENABLE_OBJC_WEAK = YES;
				CLANG_WARN_BLOCK_CAPTURE_AUTORELEASING = YES;
				CLANG_WARN_BOOL_CONVERSION = YES;
				CLANG_WARN_COMMA = YES;
				CLANG_WARN_CONSTANT_CONVERSION = YES;
				CLANG_WARN_DEPRECATED_OBJC_IMPLEMENTATIONS = YES;
				CLANG_WARN_DIRECT_OBJC_ISA_USAGE = YES_ERROR;
				CLANG_WARN_DOCUMENTATION_COMMENTS = YES;
				CLANG_WARN_EMPTY_BODY = YES;
				CLANG_WARN_ENUM_CONVERSION = YES;
				CLANG_WARN_INFINITE_RECURSION = YES;
				CLANG_WARN_INT_CONVERSION = YES;
				CLANG_WARN_NON_LITERAL_NULL_CONVERSION = YES;
				CLANG_WARN_OBJC_IMPLICIT_RETAIN_SELF = YES;
				CLANG_WARN_OBJC_LITERAL_CONVERSION = YES;
				CLANG_WARN_OBJC_ROOT_CLASS = YES_ERROR;
				CLANG_WARN_QUOTED_INCLUDE_IN_FRAMEWORK_HEADER = YES;
				CLANG_WARN_RANGE_LOOP_ANALYSIS = YES;
				CLANG_WARN_STRICT_PROTOTYPES = YES;
				CLANG_WARN_SUSPICIOUS_MOVE = YES;
				CLANG_WARN_UNGUARDED_AVAILABILITY = YES_AGGRESSIVE;
				CLANG_WARN_UNREACHABLE_CODE = YES;
				CLANG_WARN__DUPLICATE_METHOD_MATCH = YES;
				COPY_PHASE_STRIP = NO;
				DEBUG_INFORMATION_FORMAT = dwarf;
				ENABLE_STRICT_OBJC_MSGSEND = YES;
				ENABLE_TESTABILITY = YES;
				ENABLE_USER_SCRIPT_SANDBOXING = YES;
				GCC_C_LANGUAGE_STANDARD = gnu17;
				GCC_DYNAMIC_NO_PIC = NO;
				GCC_NO_COMMON_BLOCKS = YES;
				GCC_OPTIMIZATION_LEVEL = 0;
				GCC_PREPROCESSOR_DEFINITIONS = (
					"DEBUG=1",
					"$(inherited)",
				);
				GCC_WARN_64_TO_32_BIT_CONVERSION = YES;
				GCC_WARN_ABOUT_RETURN_TYPE = YES_ERROR;
				GCC_WARN_UNDECLARED_SELECTOR = YES;
				GCC_WARN_UNINITIALIZED_AUTOS = YES_AGGRESSIVE;
				GCC_WARN_UNUSED_FUNCTION = YES;
				GCC_WARN_UNUSED_VARIABLE = YES;
				LOCALIZATION_PREFERS_STRING_CATALOGS = YES;
				MTL_ENABLE_DEBUG_INFO = INCLUDE_SOURCE;
				MTL_FAST_MATH = YES;
				ONLY_ACTIVE_ARCH = YES;
				SWIFT_ACTIVE_COMPILATION_CONDITIONS = "DEBUG $(inherited)";
				SWIFT_OPTIMIZATION_LEVEL = "-Onone";
			};
			name = Debug;
		};
		2C2114892C075CC20013EBD9 /* Release */ = {
			isa = XCBuildConfiguration;
			buildSettings = {
				ALWAYS_SEARCH_USER_PATHS = NO;
				ASSETCATALOG_COMPILER_GENERATE_SWIFT_ASSET_SYMBOL_EXTENSIONS = YES;
				CLANG_ANALYZER_NONNULL = YES;
				CLANG_ANALYZER_NUMBER_OBJECT_CONVERSION = YES_AGGRESSIVE;
				CLANG_CXX_LANGUAGE_STANDARD = "gnu++20";
				CLANG_ENABLE_MODULES = YES;
				CLANG_ENABLE_OBJC_ARC = YES;
				CLANG_ENABLE_OBJC_WEAK = YES;
				CLANG_WARN_BLOCK_CAPTURE_AUTORELEASING = YES;
				CLANG_WARN_BOOL_CONVERSION = YES;
				CLANG_WARN_COMMA = YES;
				CLANG_WARN_CONSTANT_CONVERSION = YES;
				CLANG_WARN_DEPRECATED_OBJC_IMPLEMENTATIONS = YES;
				CLANG_WARN_DIRECT_OBJC_ISA_USAGE = YES_ERROR;
				CLANG_WARN_DOCUMENTATION_COMMENTS = YES;
				CLANG_WARN_EMPTY_BODY = YES;
				CLANG_WARN_ENUM_CONVERSION = YES;
				CLANG_WARN_INFINITE_RECURSION = YES;
				CLANG_WARN_INT_CONVERSION = YES;
				CLANG_WARN_NON_LITERAL_NULL_CONVERSION = YES;
				CLANG_WARN_OBJC_IMPLICIT_RETAIN_SELF = YES;
				CLANG_WARN_OBJC_LITERAL_CONVERSION = YES;
				CLANG_WARN_OBJC_ROOT_CLASS = YES_ERROR;
				CLANG_WARN_QUOTED_INCLUDE_IN_FRAMEWORK_HEADER = YES;
				CLANG_WARN_RANGE_LOOP_ANALYSIS = YES;
				CLANG_WARN_STRICT_PROTOTYPES = YES;
				CLANG_WARN_SUSPICIOUS_MOVE = YES;
				CLANG_WARN_UNGUARDED_AVAILABILITY = YES_AGGRESSIVE;
				CLANG_WARN_UNREACHABLE_CODE = YES;
				CLANG_WARN__DUPLICATE_METHOD_MATCH = YES;
				COPY_PHASE_STRIP = NO;
				DEBUG_INFORMATION_FORMAT = "dwarf-with-dsym";
				ENABLE_NS_ASSERTIONS = NO;
				ENABLE_STRICT_OBJC_MSGSEND = YES;
				ENABLE_USER_SCRIPT_SANDBOXING = YES;
				GCC_C_LANGUAGE_STANDARD = gnu17;
				GCC_NO_COMMON_BLOCKS = YES;
				GCC_WARN_64_TO_32_BIT_CONVERSION = YES;
				GCC_WARN_ABOUT_RETURN_TYPE = YES_ERROR;
				GCC_WARN_UNDECLARED_SELECTOR = YES;
				GCC_WARN_UNINITIALIZED_AUTOS = YES_AGGRESSIVE;
				GCC_WARN_UNUSED_FUNCTION = YES;
				GCC_WARN_UNUSED_VARIABLE = YES;
				LOCALIZATION_PREFERS_STRING_CATALOGS = YES;
				MTL_ENABLE_DEBUG_INFO = NO;
				MTL_FAST_MATH = YES;
				SWIFT_COMPILATION_MODE = wholemodule;
			};
			name = Release;
		};
		2C21148B2C075CC20013EBD9 /* Debug */ = {
			isa = XCBuildConfiguration;
			buildSettings = {
				ASSETCATALOG_COMPILER_APPICON_NAME = AppIcon;
				ASSETCATALOG_COMPILER_GLOBAL_ACCENT_COLOR_NAME = AccentColor;
				ASSETCATALOG_COMPILER_INCLUDE_ALL_APPICON_ASSETS = YES;
				CODE_SIGN_ENTITLEMENTS = Stardust/Stardust.entitlements;
				CODE_SIGN_STYLE = Automatic;
				CURRENT_PROJECT_VERSION = 1;
				DEVELOPMENT_ASSET_PATHS = "\"Stardust/Preview Content\"";
				DEVELOPMENT_TEAM = U4BQZ3AXAA;
				ENABLE_HARDENED_RUNTIME = NO;
				ENABLE_PREVIEWS = YES;
				GENERATE_INFOPLIST_FILE = YES;
				INFOPLIST_FILE = Stardust/Info.plist;
				"INFOPLIST_KEY_UIApplicationSceneManifest_Generation[sdk=iphoneos*]" = YES;
				"INFOPLIST_KEY_UIApplicationSceneManifest_Generation[sdk=iphonesimulator*]" = YES;
				"INFOPLIST_KEY_UIApplicationSupportsIndirectInputEvents[sdk=iphoneos*]" = YES;
				"INFOPLIST_KEY_UIApplicationSupportsIndirectInputEvents[sdk=iphonesimulator*]" = YES;
				"INFOPLIST_KEY_UILaunchScreen_Generation[sdk=iphoneos*]" = YES;
				"INFOPLIST_KEY_UILaunchScreen_Generation[sdk=iphonesimulator*]" = YES;
				INFOPLIST_KEY_UIStatusBarStyle = "";
				"INFOPLIST_KEY_UIStatusBarStyle[sdk=iphoneos*]" = UIStatusBarStyleDefault;
				"INFOPLIST_KEY_UIStatusBarStyle[sdk=iphonesimulator*]" = UIStatusBarStyleDefault;
				INFOPLIST_KEY_UISupportedInterfaceOrientations = UIInterfaceOrientationPortrait;
				INFOPLIST_KEY_UISupportedInterfaceOrientations_iPad = "UIInterfaceOrientationLandscapeLeft UIInterfaceOrientationLandscapeRight UIInterfaceOrientationPortrait UIInterfaceOrientationPortraitUpsideDown";
				IPHONEOS_DEPLOYMENT_TARGET = 17.0;
				LD_RUNPATH_SEARCH_PATHS = "@executable_path/Frameworks";
				"LD_RUNPATH_SEARCH_PATHS[sdk=macosx*]" = "@executable_path/../Frameworks";
				MACOSX_DEPLOYMENT_TARGET = 14.0;
				MARKETING_VERSION = 1.0;
				PRODUCT_BUNDLE_IDENTIFIER = com.sueunkim.Stardust;
				PRODUCT_NAME = "$(TARGET_NAME)";
				SDKROOT = auto;
				SUPPORTED_PLATFORMS = "iphoneos iphonesimulator";
				SUPPORTS_MACCATALYST = NO;
				SWIFT_EMIT_LOC_STRINGS = YES;
				SWIFT_VERSION = 5.0;
				TARGETED_DEVICE_FAMILY = 1;
			};
			name = Debug;
		};
		2C21148C2C075CC20013EBD9 /* Release */ = {
			isa = XCBuildConfiguration;
			buildSettings = {
				ASSETCATALOG_COMPILER_APPICON_NAME = AppIcon;
				ASSETCATALOG_COMPILER_GLOBAL_ACCENT_COLOR_NAME = AccentColor;
				ASSETCATALOG_COMPILER_INCLUDE_ALL_APPICON_ASSETS = YES;
				CODE_SIGN_ENTITLEMENTS = Stardust/Stardust.entitlements;
				CODE_SIGN_STYLE = Automatic;
				CURRENT_PROJECT_VERSION = 1;
				DEVELOPMENT_ASSET_PATHS = "\"Stardust/Preview Content\"";
				DEVELOPMENT_TEAM = U4BQZ3AXAA;
				ENABLE_HARDENED_RUNTIME = NO;
				ENABLE_PREVIEWS = YES;
				GENERATE_INFOPLIST_FILE = YES;
				INFOPLIST_FILE = Stardust/Info.plist;
				"INFOPLIST_KEY_UIApplicationSceneManifest_Generation[sdk=iphoneos*]" = YES;
				"INFOPLIST_KEY_UIApplicationSceneManifest_Generation[sdk=iphonesimulator*]" = YES;
				"INFOPLIST_KEY_UIApplicationSupportsIndirectInputEvents[sdk=iphoneos*]" = YES;
				"INFOPLIST_KEY_UIApplicationSupportsIndirectInputEvents[sdk=iphonesimulator*]" = YES;
				"INFOPLIST_KEY_UILaunchScreen_Generation[sdk=iphoneos*]" = YES;
				"INFOPLIST_KEY_UILaunchScreen_Generation[sdk=iphonesimulator*]" = YES;
				INFOPLIST_KEY_UIStatusBarStyle = "";
				"INFOPLIST_KEY_UIStatusBarStyle[sdk=iphoneos*]" = UIStatusBarStyleDefault;
				"INFOPLIST_KEY_UIStatusBarStyle[sdk=iphonesimulator*]" = UIStatusBarStyleDefault;
				INFOPLIST_KEY_UISupportedInterfaceOrientations = UIInterfaceOrientationPortrait;
				INFOPLIST_KEY_UISupportedInterfaceOrientations_iPad = "UIInterfaceOrientationLandscapeLeft UIInterfaceOrientationLandscapeRight UIInterfaceOrientationPortrait UIInterfaceOrientationPortraitUpsideDown";
				IPHONEOS_DEPLOYMENT_TARGET = 17.0;
				LD_RUNPATH_SEARCH_PATHS = "@executable_path/Frameworks";
				"LD_RUNPATH_SEARCH_PATHS[sdk=macosx*]" = "@executable_path/../Frameworks";
				MACOSX_DEPLOYMENT_TARGET = 14.0;
				MARKETING_VERSION = 1.0;
				PRODUCT_BUNDLE_IDENTIFIER = com.sueunkim.Stardust;
				PRODUCT_NAME = "$(TARGET_NAME)";
				SDKROOT = auto;
				SUPPORTED_PLATFORMS = "iphoneos iphonesimulator";
				SUPPORTS_MACCATALYST = NO;
				SWIFT_EMIT_LOC_STRINGS = YES;
				SWIFT_VERSION = 5.0;
				TARGETED_DEVICE_FAMILY = 1;
			};
			name = Release;
		};
/* End XCBuildConfiguration section */

/* Begin XCConfigurationList section */
		2C21145E2C075CC10013EBD9 /* Build configuration list for PBXProject "Stardust" */ = {
			isa = XCConfigurationList;
			buildConfigurations = (
				2C2114882C075CC20013EBD9 /* Debug */,
				2C2114892C075CC20013EBD9 /* Release */,
			);
			defaultConfigurationIsVisible = 0;
			defaultConfigurationName = Release;
		};
		2C21148A2C075CC20013EBD9 /* Build configuration list for PBXNativeTarget "Stardust" */ = {
			isa = XCConfigurationList;
			buildConfigurations = (
				2C21148B2C075CC20013EBD9 /* Debug */,
				2C21148C2C075CC20013EBD9 /* Release */,
			);
			defaultConfigurationIsVisible = 0;
			defaultConfigurationName = Release;
		};
/* End XCConfigurationList section */

/* Begin XCRemoteSwiftPackageReference section */
		2CF3F5382C0F569F0026ACA3 /* XCRemoteSwiftPackageReference "Alamofire" */ = {
			isa = XCRemoteSwiftPackageReference;
			repositoryURL = "https://github.com/Alamofire/Alamofire.git";
			requirement = {
				kind = upToNextMajorVersion;
				minimumVersion = 5.9.1;
			};
		};
/* End XCRemoteSwiftPackageReference section */

/* Begin XCSwiftPackageProductDependency section */
		2CF3F5392C0F569F0026ACA3 /* Alamofire */ = {
			isa = XCSwiftPackageProductDependency;
			package = 2CF3F5382C0F569F0026ACA3 /* XCRemoteSwiftPackageReference "Alamofire" */;
			productName = Alamofire;
		};
/* End XCSwiftPackageProductDependency section */
	};
	rootObject = 2C21145B2C075CC10013EBD9 /* Project object */;
}
